{
  "name": "d2l-more-less",
  "requires": true,
  "lockfileVersion": 1,
  "dependencies": {
    "resize-observer": {
      "version": "0.1.0",
      "resolved": "https://registry.npmjs.org/resize-observer/-/resize-observer-0.1.0.tgz",
      "integrity": "sha1-CTYcBiSkx0Iihmeoq4/+dhXAaMw="
    }
  }
}
